// !$*UTF8*$!
{
	archiveVersion = 1;
	classes = {
	};
	objectVersion = 56;
	objects = {

/* Begin PBXBuildFile section */
		18AF30372B71046200BFDD43 /* iExpense_ios17App.swift in Sources */ = {isa = PBXBuildFile; fileRef = 18AF30362B71046200BFDD43 /* iExpense_ios17App.swift */; };
		18AF30392B71046200BFDD43 /* ContentView.swift in Sources */ = {isa = PBXBuildFile; fileRef = 18AF30382B71046200BFDD43 /* ContentView.swift */; };
		18AF303B2B71046400BFDD43 /* Assets.xcassets in Resources */ = {isa = PBXBuildFile; fileRef = 18AF303A2B71046400BFDD43 /* Assets.xcassets */; };
		18AF303E2B71046400BFDD43 /* Preview Assets.xcassets in Resources */ = {isa = PBXBuildFile; fileRef = 18AF303D2B71046400BFDD43 /* Preview Assets.xcassets */; };
		18AF30452B71087B00BFDD43 /* UsingStateWithClasses.swift in Sources */ = {isa = PBXBuildFile; fileRef = 18AF30442B71087B00BFDD43 /* UsingStateWithClasses.swift */; };
		18AF30472B710F2C00BFDD43 /* ShowindAndHidingViews.swift in Sources */ = {isa = PBXBuildFile; fileRef = 18AF30462B710F2C00BFDD43 /* ShowindAndHidingViews.swift */; };
		18AF30492B71114F00BFDD43 /* DeletingItems.swift in Sources */ = {isa = PBXBuildFile; fileRef = 18AF30482B71114F00BFDD43 /* DeletingItems.swift */; };
		18AF304B2B7112DD00BFDD43 /* UserDefaultsBasic.swift in Sources */ = {isa = PBXBuildFile; fileRef = 18AF304A2B7112DD00BFDD43 /* UserDefaultsBasic.swift */; };
		18BEC0D82B711A5900C181A5 /* UsingCodable.swift in Sources */ = {isa = PBXBuildFile; fileRef = 18BEC0D72B711A5900C181A5 /* UsingCodable.swift */; };
		18BEC0DA2B711EC400C181A5 /* AddView.swift in Sources */ = {isa = PBXBuildFile; fileRef = 18BEC0D92B711EC400C181A5 /* AddView.swift */; };
/* End PBXBuildFile section */

/* Begin PBXFileReference section */
		18AF30332B71046200BFDD43 /* iExpense-ios17.app */ = {isa = PBXFileReference; explicitFileType = wrapper.application; includeInIndex = 0; path = "iExpense-ios17.app"; sourceTree = BUILT_PRODUCTS_DIR; };
		18AF30362B71046200BFDD43 /* iExpense_ios17App.swift */ = {isa = PBXFileReference; lastKnownFileType = sourcecode.swift; path = iExpense_ios17App.swift; sourceTree = "<group>"; };
		18AF30382B71046200BFDD43 /* ContentView.swift */ = {isa = PBXFileReference; lastKnownFileType = sourcecode.swift; path = ContentView.swift; sourceTree = "<group>"; };
		18AF303A2B71046400BFDD43 /* Assets.xcassets */ = {isa = PBXFileReference; lastKnownFileType = folder.assetcatalog; path = Assets.xcassets; sourceTree = "<group>"; };
		18AF303D2B71046400BFDD43 /* Preview Assets.xcassets */ = {isa = PBXFileReference; lastKnownFileType = folder.assetcatalog; path = "Preview Assets.xcassets"; sourceTree = "<group>"; };
		18AF30442B71087B00BFDD43 /* UsingStateWithClasses.swift */ = {isa = PBXFileReference; lastKnownFileType = sourcecode.swift; path = UsingStateWithClasses.swift; sourceTree = "<group>"; };
		18AF30462B710F2C00BFDD43 /* ShowindAndHidingViews.swift */ = {isa = PBXFileReference; lastKnownFileType = sourcecode.swift; path = ShowindAndHidingViews.swift; sourceTree = "<group>"; };
		18AF30482B71114F00BFDD43 /* DeletingItems.swift */ = {isa = PBXFileReference; lastKnownFileType = sourcecode.swift; path = DeletingItems.swift; sourceTree = "<group>"; };
		18AF304A2B7112DD00BFDD43 /* UserDefaultsBasic.swift */ = {isa = PBXFileReference; lastKnownFileType = sourcecode.swift; path = UserDefaultsBasic.swift; sourceTree = "<group>"; };
		18BEC0D72B711A5900C181A5 /* UsingCodable.swift */ = {isa = PBXFileReference; lastKnownFileType = sourcecode.swift; path = UsingCodable.swift; sourceTree = "<group>"; };
		18BEC0D92B711EC400C181A5 /* AddView.swift */ = {isa = PBXFileReference; lastKnownFileType = sourcecode.swift; path = AddView.swift; sourceTree = "<group>"; };
/* End PBXFileReference section */

/* Begin PBXFrameworksBuildPhase section */
		18AF30302B71046200BFDD43 /* Frameworks */ = {
			isa = PBXFrameworksBuildPhase;
			buildActionMask = 2147483647;
			files = (
			);
			runOnlyForDeploymentPostprocessing = 0;
		};
/* End PBXFrameworksBuildPhase section */

/* Begin PBXGroup section */
		18AF302A2B71046200BFDD43 = {
			isa = PBXGroup;
			children = (
				18AF30352B71046200BFDD43 /* iExpense-ios17 */,
				18AF30342B71046200BFDD43 /* Products */,
			);
			sourceTree = "<group>";
		};
		18AF30342B71046200BFDD43 /* Products */ = {
			isa = PBXGroup;
			children = (
				18AF30332B71046200BFDD43 /* iExpense-ios17.app */,
			);
			name = Products;
			sourceTree = "<group>";
		};
		18AF30352B71046200BFDD43 /* iExpense-ios17 */ = {
			isa = PBXGroup;
			children = (
				18AF30362B71046200BFDD43 /* iExpense_ios17App.swift */,
				18AF30382B71046200BFDD43 /* ContentView.swift */,
				18BEC0D92B711EC400C181A5 /* AddView.swift */,
				18AF30442B71087B00BFDD43 /* UsingStateWithClasses.swift */,
				18AF30462B710F2C00BFDD43 /* ShowindAndHidingViews.swift */,
				18AF30482B71114F00BFDD43 /* DeletingItems.swift */,
				18AF304A2B7112DD00BFDD43 /* UserDefaultsBasic.swift */,
				18BEC0D72B711A5900C181A5 /* UsingCodable.swift */,
				18AF303A2B71046400BFDD43 /* Assets.xcassets */,
				18AF303C2B71046400BFDD43 /* Preview Content */,
			);
			path = "iExpense-ios17";
			sourceTree = "<group>";
		};
		18AF303C2B71046400BFDD43 /* Preview Content */ = {
			isa = PBXGroup;
			children = (
				18AF303D2B71046400BFDD43 /* Preview Assets.xcassets */,
			);
			path = "Preview Content";
			sourceTree = "<group>";
		};
/* End PBXGroup section */

/* Begin PBXNativeTarget section */
		18AF30322B71046200BFDD43 /* iExpense-ios17 */ = {
			isa = PBXNativeTarget;
			buildConfigurationList = 18AF30412B71046400BFDD43 /* Build configuration list for PBXNativeTarget "iExpense-ios17" */;
			buildPhases = (
				18AF302F2B71046200BFDD43 /* Sources */,
				18AF30302B71046200BFDD43 /* Frameworks */,
				18AF30312B71046200BFDD43 /* Resources */,
			);
			buildRules = (
			);
			dependencies = (
			);
			name = "iExpense-ios17";
			productName = "iExpense-ios17";
			productReference = 18AF30332B71046200BFDD43 /* iExpense-ios17.app */;
			productType = "com.apple.product-type.application";
		};
/* End PBXNativeTarget section */

/* Begin PBXProject section */
		18AF302B2B71046200BFDD43 /* Project object */ = {
			isa = PBXProject;
			attributes = {
				BuildIndependentTargetsInParallel = 1;
				LastSwiftUpdateCheck = 1520;
				LastUpgradeCheck = 1520;
				TargetAttributes = {
					18AF30322B71046200BFDD43 = {
						CreatedOnToolsVersion = 15.2;
					};
				};
			};
			buildConfigurationList = 18AF302E2B71046200BFDD43 /* Build configuration list for PBXProject "iExpense-ios17" */;
			compatibilityVersion = "Xcode 14.0";
			developmentRegion = en;
			hasScannedForEncodings = 0;
			knownRegions = (
				en,
				Base,
			);
			mainGroup = 18AF302A2B71046200BFDD43;
			productRefGroup = 18AF30342B71046200BFDD43 /* Products */;
			projectDirPath = "";
			projectRoot = "";
			targets = (
				18AF30322B71046200BFDD43 /* iExpense-ios17 */,
			);
		};
/* End PBXProject section */

/* Begin PBXResourcesBuildPhase section */
		18AF30312B71046200BFDD43 /* Resources */ = {
			isa = PBXResourcesBuildPhase;
			buildActionMask = 2147483647;
			files = (
				18AF303E2B71046400BFDD43 /* Preview Assets.xcassets in Resources */,
				18AF303B2B71046400BFDD43 /* Assets.xcassets in Resources */,
			);
			runOnlyForDeploymentPostprocessing = 0;
		};
/* End PBXResourcesBuildPhase section */

/* Begin PBXSourcesBuildPhase section */
		18AF302F2B71046200BFDD43 /* Sources */ = {
			isa = PBXSourcesBuildPhase;
			buildActionMask = 2147483647;
			files = (
				18AF30492B71114F00BFDD43 /* DeletingItems.swift in Sources */,
				18AF30392B71046200BFDD43 /* ContentView.swift in Sources */,
				18BEC0D82B711A5900C181A5 /* UsingCodable.swift in Sources */,
				18AF304B2B7112DD00BFDD43 /* UserDefaultsBasic.swift in Sources */,
				18BEC0DA2B711EC400C181A5 /* AddView.swift in Sources */,
				18AF30372B71046200BFDD43 /* iExpense_ios17App.swift in Sources */,
				18AF30472B710F2C00BFDD43 /* ShowindAndHidingViews.swift in Sources */,
				18AF30452B71087B00BFDD43 /* UsingStateWithClasses.swift in Sources */,
			);
			runOnlyForDeploymentPostprocessing = 0;
		};
/* End PBXSourcesBuildPhase section */

/* Begin XCBuildConfiguration section */
		18AF303F2B71046400BFDD43 /* Debug */ = {
			isa = XCBuildConfiguration;
			buildSettings = {
				ALWAYS_SEARCH_USER_PATHS = NO;
				ASSETCATALOG_COMPILER_GENERATE_SWIFT_ASSET_SYMBOL_EXTENSIONS = YES;
				CLANG_ANALYZER_NONNULL = YES;
				CLANG_ANALYZER_NUMBER_OBJECT_CONVERSION = YES_AGGRESSIVE;
				CLANG_CXX_LANGUAGE_STANDARD = "gnu++20";
				CLANG_ENABLE_MODULES = YES;
				CLANG_ENABLE_OBJC_ARC = YES;
				CLANG_ENABLE_OBJC_WEAK = YES;
				CLANG_WARN_BLOCK_CAPTURE_AUTORELEASING = YES;
				CLANG_WARN_BOOL_CONVERSION = YES;
				CLANG_WARN_COMMA = YES;
				CLANG_WARN_CONSTANT_CONVERSION = YES;
				CLANG_WARN_DEPRECATED_OBJC_IMPLEMENTATIONS = YES;
				CLANG_WARN_DIRECT_OBJC_ISA_USAGE = YES_ERROR;
				CLANG_WARN_DOCUMENTATION_COMMENTS = YES;
				CLANG_WARN_EMPTY_BODY = YES;
				CLANG_WARN_ENUM_CONVERSION = YES;
				CLANG_WARN_INFINITE_RECURSION = YES;
				CLANG_WARN_INT_CONVERSION = YES;
				CLANG_WARN_NON_LITERAL_NULL_CONVERSION = YES;
				CLANG_WARN_OBJC_IMPLICIT_RETAIN_SELF = YES;
				CLANG_WARN_OBJC_LITERAL_CONVERSION = YES;
				CLANG_WARN_OBJC_ROOT_CLASS = YES_ERROR;
				CLANG_WARN_QUOTED_INCLUDE_IN_FRAMEWORK_HEADER = YES;
				CLANG_WARN_RANGE_LOOP_ANALYSIS = YES;
				CLANG_WARN_STRICT_PROTOTYPES = YES;
				CLANG_WARN_SUSPICIOUS_MOVE = YES;
				CLANG_WARN_UNGUARDED_AVAILABILITY = YES_AGGRESSIVE;
				CLANG_WARN_UNREACHABLE_CODE = YES;
				CLANG_WARN__DUPLICATE_METHOD_MATCH = YES;
				COPY_PHASE_STRIP = NO;
				DEBUG_INFORMATION_FORMAT = dwarf;
				ENABLE_STRICT_OBJC_MSGSEND = YES;
				ENABLE_TESTABILITY = YES;
				ENABLE_USER_SCRIPT_SANDBOXING = YES;
				GCC_C_LANGUAGE_STANDARD = gnu17;
				GCC_DYNAMIC_NO_PIC = NO;
				GCC_NO_COMMON_BLOCKS = YES;
				GCC_OPTIMIZATION_LEVEL = 0;
				GCC_PREPROCESSOR_DEFINITIONS = (
					"DEBUG=1",
					"$(inherited)",
				);
				GCC_WARN_64_TO_32_BIT_CONVERSION = YES;
				GCC_WARN_ABOUT_RETURN_TYPE = YES_ERROR;
				GCC_WARN_UNDECLARED_SELECTOR = YES;
				GCC_WARN_UNINITIALIZED_AUTOS = YES_AGGRESSIVE;
				GCC_WARN_UNUSED_FUNCTION = YES;
				GCC_WARN_UNUSED_VARIABLE = YES;
				IPHONEOS_DEPLOYMENT_TARGET = 17.2;
				LOCALIZATION_PREFERS_STRING_CATALOGS = YES;
				MTL_ENABLE_DEBUG_INFO = INCLUDE_SOURCE;
				MTL_FAST_MATH = YES;
				ONLY_ACTIVE_ARCH = YES;
				SDKROOT = iphoneos;
				SWIFT_ACTIVE_COMPILATION_CONDITIONS = "DEBUG $(inherited)";
				SWIFT_OPTIMIZATION_LEVEL = "-Onone";
			};
			name = Debug;
		};
		18AF30402B71046400BFDD43 /* Release */ = {
			isa = XCBuildConfiguration;
			buildSettings = {
				ALWAYS_SEARCH_USER_PATHS = NO;
				ASSETCATALOG_COMPILER_GENERATE_SWIFT_ASSET_SYMBOL_EXTENSIONS = YES;
				CLANG_ANALYZER_NONNULL = YES;
				CLANG_ANALYZER_NUMBER_OBJECT_CONVERSION = YES_AGGRESSIVE;
				CLANG_CXX_LANGUAGE_STANDARD = "gnu++20";
				CLANG_ENABLE_MODULES = YES;
				CLANG_ENABLE_OBJC_ARC = YES;
				CLANG_ENABLE_OBJC_WEAK = YES;
				CLANG_WARN_BLOCK_CAPTURE_AUTORELEASING = YES;
				CLANG_WARN_BOOL_CONVERSION = YES;
				CLANG_WARN_COMMA = YES;
				CLANG_WARN_CONSTANT_CONVERSION = YES;
				CLANG_WARN_DEPRECATED_OBJC_IMPLEMENTATIONS = YES;
				CLANG_WARN_DIRECT_OBJC_ISA_USAGE = YES_ERROR;
				CLANG_WARN_DOCUMENTATION_COMMENTS = YES;
				CLANG_WARN_EMPTY_BODY = YES;
				CLANG_WARN_ENUM_CONVERSION = YES;
				CLANG_WARN_INFINITE_RECURSION = YES;
				CLANG_WARN_INT_CONVERSION = YES;
				CLANG_WARN_NON_LITERAL_NULL_CONVERSION = YES;
				CLANG_WARN_OBJC_IMPLICIT_RETAIN_SELF = YES;
				CLANG_WARN_OBJC_LITERAL_CONVERSION = YES;
				CLANG_WARN_OBJC_ROOT_CLASS = YES_ERROR;
				CLANG_WARN_QUOTED_INCLUDE_IN_FRAMEWORK_HEADER = YES;
				CLANG_WARN_RANGE_LOOP_ANALYSIS = YES;
				CLANG_WARN_STRICT_PROTOTYPES = YES;
				CLANG_WARN_SUSPICIOUS_MOVE = YES;
				CLANG_WARN_UNGUARDED_AVAILABILITY = YES_AGGRESSIVE;
				CLANG_WARN_UNREACHABLE_CODE = YES;
				CLANG_WARN__DUPLICATE_METHOD_MATCH = YES;
				COPY_PHASE_STRIP = NO;
				DEBUG_INFORMATION_FORMAT = "dwarf-with-dsym";
				ENABLE_NS_ASSERTIONS = NO;
				ENABLE_STRICT_OBJC_MSGSEND = YES;
				ENABLE_USER_SCRIPT_SANDBOXING = YES;
				GCC_C_LANGUAGE_STANDARD = gnu17;
				GCC_NO_COMMON_BLOCKS = YES;
				GCC_WARN_64_TO_32_BIT_CONVERSION = YES;
				GCC_WARN_ABOUT_RETURN_TYPE = YES_ERROR;
				GCC_WARN_UNDECLARED_SELECTOR = YES;
				GCC_WARN_UNINITIALIZED_AUTOS = YES_AGGRESSIVE;
				GCC_WARN_UNUSED_FUNCTION = YES;
				GCC_WARN_UNUSED_VARIABLE = YES;
				IPHONEOS_DEPLOYMENT_TARGET = 17.2;
				LOCALIZATION_PREFERS_STRING_CATALOGS = YES;
				MTL_ENABLE_DEBUG_INFO = NO;
				MTL_FAST_MATH = YES;
				SDKROOT = iphoneos;
				SWIFT_COMPILATION_MODE = wholemodule;
				VALIDATE_PRODUCT = YES;
			};
			name = Release;
		};
		18AF30422B71046400BFDD43 /* Debug */ = {
			isa = XCBuildConfiguration;
			buildSettings = {
				ASSETCATALOG_COMPILER_APPICON_NAME = AppIcon;
				ASSETCATALOG_COMPILER_GLOBAL_ACCENT_COLOR_NAME = AccentColor;
				CODE_SIGN_STYLE = Automatic;
				CURRENT_PROJECT_VERSION = 1;
				DEVELOPMENT_ASSET_PATHS = "\"iExpense-ios17/Preview Content\"";
				DEVELOPMENT_TEAM = VAW596AAWY;
				ENABLE_PREVIEWS = YES;
				GENERATE_INFOPLIST_FILE = YES;
				INFOPLIST_KEY_UIApplicationSceneManifest_Generation = YES;
				INFOPLIST_KEY_UIApplicationSupportsIndirectInputEvents = YES;
				INFOPLIST_KEY_UILaunchScreen_Generation = YES;
				INFOPLIST_KEY_UISupportedInterfaceOrientations_iPad = "UIInterfaceOrientationPortrait UIInterfaceOrientationPortraitUpsideDown UIInterfaceOrientationLandscapeLeft UIInterfaceOrientationLandscapeRight";
				INFOPLIST_KEY_UISupportedInterfaceOrientations_iPhone = "UIInterfaceOrientationPortrait UIInterfaceOrientationLandscapeLeft UIInterfaceOrientationLandscapeRight";
				LD_RUNPATH_SEARCH_PATHS = (
					"$(inherited)",
					"@executable_path/Frameworks",
				);
				MARKETING_VERSION = 1.0;
				PRODUCT_BUNDLE_IDENTIFIER = "com.alin-radu.iExpense-ios17.iExpense-ios17";
				PRODUCT_NAME = "$(TARGET_NAME)";
				SWIFT_EMIT_LOC_STRINGS = YES;
				SWIFT_VERSION = 5.0;
				TARGETED_DEVICE_FAMILY = "1,2";
			};
			name = Debug;
		};
		18AF30432B71046400BFDD43 /* Release */ = {
			isa = XCBuildConfiguration;
			buildSettings = {
				ASSETCATALOG_COMPILER_APPICON_NAME = AppIcon;
				ASSETCATALOG_COMPILER_GLOBAL_ACCENT_COLOR_NAME = AccentColor;
				CODE_SIGN_STYLE = Automatic;
				CURRENT_PROJECT_VERSION = 1;
				DEVELOPMENT_ASSET_PATHS = "\"iExpense-ios17/Preview Content\"";
				DEVELOPMENT_TEAM = VAW596AAWY;
				ENABLE_PREVIEWS = YES;
				GENERATE_INFOPLIST_FILE = YES;
				INFOPLIST_KEY_UIApplicationSceneManifest_Generation = YES;
				INFOPLIST_KEY_UIApplicationSupportsIndirectInputEvents = YES;
				INFOPLIST_KEY_UILaunchScreen_Generation = YES;
				INFOPLIST_KEY_UISupportedInterfaceOrientations_iPad = "UIInterfaceOrientationPortrait UIInterfaceOrientationPortraitUpsideDown UIInterfaceOrientationLandscapeLeft UIInterfaceOrientationLandscapeRight";
				INFOPLIST_KEY_UISupportedInterfaceOrientations_iPhone = "UIInterfaceOrientationPortrait UIInterfaceOrientationLandscapeLeft UIInterfaceOrientationLandscapeRight";
				LD_RUNPATH_SEARCH_PATHS = (
					"$(inherited)",
					"@executable_path/Frameworks",
				);
				MARKETING_VERSION = 1.0;
				PRODUCT_BUNDLE_IDENTIFIER = "com.alin-radu.iExpense-ios17.iExpense-ios17";
				PRODUCT_NAME = "$(TARGET_NAME)";
				SWIFT_EMIT_LOC_STRINGS = YES;
				SWIFT_VERSION = 5.0;
				TARGETED_DEVICE_FAMILY = "1,2";
			};
			name = Release;
		};
/* End XCBuildConfiguration section */

/* Begin XCConfigurationList section */
		18AF302E2B71046200BFDD43 /* Build configuration list for PBXProject "iExpense-ios17" */ = {
			isa = XCConfigurationList;
			buildConfigurations = (
				18AF303F2B71046400BFDD43 /* Debug */,
				18AF30402B71046400BFDD43 /* Release */,
			);
			defaultConfigurationIsVisible = 0;
			defaultConfigurationName = Release;
		};
		18AF30412B71046400BFDD43 /* Build configuration list for PBXNativeTarget "iExpense-ios17" */ = {
			isa = XCConfigurationList;
			buildConfigurations = (
				18AF30422B71046400BFDD43 /* Debug */,
				18AF30432B71046400BFDD43 /* Release */,
			);
			defaultConfigurationIsVisible = 0;
			defaultConfigurationName = Release;
		};
/* End XCConfigurationList section */
	};
	rootObject = 18AF302B2B71046200BFDD43 /* Project object */;
}
